
Microsoft Visual Studio Solution File, Format Version 12.00
# Visual Studio 15
Project("{FAE04EC0-301F-11D3-BF4B-00C04F79EFBC}") = "DelfinAPI", "DelfinAPI\DelfinAPI.csproj", "{DD83D65A-F6C5-490F-969E-21D95641636D}"
EndProject
Global
	GlobalSection(SolutionConfigurationPlatforms) = preSolution
		Debug|Any CPU = Debug|Any CPU
		Release|Any CPU = Release|Any CPU
	EndGlobalSection
	GlobalSection(ProjectConfigurationPlatforms) = postSolution
		{DD83D65A-F6C5-490F-969E-21D95641636D}.Debug|Any CPU.ActiveCfg = Debug|Any CPU
		{DD83D65A-F6C5-490F-969E-21D95641636D}.Debug|Any CPU.Build.0 = Debug|Any CPU
		{DD83D65A-F6C5-490F-969E-21D95641636D}.Release|Any CPU.ActiveCfg = Release|Any CPU
		{DD83D65A-F6C5-490F-969E-21D95641636D}.Release|Any CPU.Build.0 = Release|Any CPU
	EndGlobalSection
EndGlobal
